
Microsoft Visual Studio Solution File, Format Version 12.00
# Visual Studio Version 17
VisualStudioVersion = 17.4.33110.190
MinimumVisualStudioVersion = 10.0.40219.1
Project("{9A19103F-16F7-4668-BE54-9A1E7A4F7556}") = "SpotifyLike.Domain", "SpotifyLike.Domain\SpotifyLike.Domain.csproj", "{C1968F71-AFD6-43E1-929F-B615C20D19B2}"
EndProject
Project("{9A19103F-16F7-4668-BE54-9A1E7A4F7556}") = "SpotifyLike.Tests", "SpotifyLike.Tests\SpotifyLike.Tests.csproj", "{22CA798C-F10E-42D4-B15B-331781B9CABD}"
EndProject
Project("{9A19103F-16F7-4668-BE54-9A1E7A4F7556}") = "SpotifyLike.Repository", "SpotifyLike.Repository\SpotifyLike.Repository.csproj", "{090CE70F-E239-420F-A19A-D51B6E71113F}"
EndProject
Project("{9A19103F-16F7-4668-BE54-9A1E7A4F7556}") = "SpotifyLike.Api", "SpotifyLike.Api\SpotifyLike.Api.csproj", "{804750EA-C659-4EB2-B4CE-D23B5D344E91}"
EndProject
Project("{FAE04EC0-301F-11D3-BF4B-00C04F79EFBC}") = "Spotify.Application", "Spotify.Application\Spotify.Application.csproj", "{E4B51BCF-1ECA-436F-ACA7-358457E6F135}"
EndProject
Global
	GlobalSection(SolutionConfigurationPlatforms) = preSolution
		Debug|Any CPU = Debug|Any CPU
		Release|Any CPU = Release|Any CPU
	EndGlobalSection
	GlobalSection(ProjectConfigurationPlatforms) = postSolution
		{C1968F71-AFD6-43E1-929F-B615C20D19B2}.Debug|Any CPU.ActiveCfg = Debug|Any CPU
		{C1968F71-AFD6-43E1-929F-B615C20D19B2}.Debug|Any CPU.Build.0 = Debug|Any CPU
		{C1968F71-AFD6-43E1-929F-B615C20D19B2}.Release|Any CPU.ActiveCfg = Release|Any CPU
		{C1968F71-AFD6-43E1-929F-B615C20D19B2}.Release|Any CPU.Build.0 = Release|Any CPU
		{22CA798C-F10E-42D4-B15B-331781B9CABD}.Debug|Any CPU.ActiveCfg = Debug|Any CPU
		{22CA798C-F10E-42D4-B15B-331781B9CABD}.Debug|Any CPU.Build.0 = Debug|Any CPU
		{22CA798C-F10E-42D4-B15B-331781B9CABD}.Release|Any CPU.ActiveCfg = Release|Any CPU
		{22CA798C-F10E-42D4-B15B-331781B9CABD}.Release|Any CPU.Build.0 = Release|Any CPU
		{090CE70F-E239-420F-A19A-D51B6E71113F}.Debug|Any CPU.ActiveCfg = Debug|Any CPU
		{090CE70F-E239-420F-A19A-D51B6E71113F}.Debug|Any CPU.Build.0 = Debug|Any CPU
		{090CE70F-E239-420F-A19A-D51B6E71113F}.Release|Any CPU.ActiveCfg = Release|Any CPU
		{090CE70F-E239-420F-A19A-D51B6E71113F}.Release|Any CPU.Build.0 = Release|Any CPU
		{804750EA-C659-4EB2-B4CE-D23B5D344E91}.Debug|Any CPU.ActiveCfg = Debug|Any CPU
		{804750EA-C659-4EB2-B4CE-D23B5D344E91}.Debug|Any CPU.Build.0 = Debug|Any CPU
		{804750EA-C659-4EB2-B4CE-D23B5D344E91}.Release|Any CPU.ActiveCfg = Release|Any CPU
		{804750EA-C659-4EB2-B4CE-D23B5D344E91}.Release|Any CPU.Build.0 = Release|Any CPU
		{E4B51BCF-1ECA-436F-ACA7-358457E6F135}.Debug|Any CPU.ActiveCfg = Debug|Any CPU
		{E4B51BCF-1ECA-436F-ACA7-358457E6F135}.Debug|Any CPU.Build.0 = Debug|Any CPU
		{E4B51BCF-1ECA-436F-ACA7-358457E6F135}.Release|Any CPU.ActiveCfg = Release|Any CPU
		{E4B51BCF-1ECA-436F-ACA7-358457E6F135}.Release|Any CPU.Build.0 = Release|Any CPU
	EndGlobalSection
	GlobalSection(SolutionProperties) = preSolution
		HideSolutionNode = FALSE
	EndGlobalSection
	GlobalSection(ExtensibilityGlobals) = postSolution
		SolutionGuid = {C5AF8767-9CF2-459C-AC71-2880168ABA91}
	EndGlobalSection
EndGlobal
